// !$*UTF8*$!
{
	archiveVersion = 1;
	classes = {
	};
	objectVersion = 56;
	objects = {

/* Begin PBXBuildFile section */
		A8804EF32AD82CA800A5585C /* Timer_Composable_ArchitectureApp.swift in Sources */ = {isa = PBXBuildFile; fileRef = A8804EF22AD82CA800A5585C /* Timer_Composable_ArchitectureApp.swift */; };
		A8804EF52AD82CA800A5585C /* ContentView.swift in Sources */ = {isa = PBXBuildFile; fileRef = A8804EF42AD82CA800A5585C /* ContentView.swift */; };
		A8804EF72AD82CA900A5585C /* Assets.xcassets in Resources */ = {isa = PBXBuildFile; fileRef = A8804EF62AD82CA900A5585C /* Assets.xcassets */; };
		A8804EFA2AD82CA900A5585C /* Preview Assets.xcassets in Resources */ = {isa = PBXBuildFile; fileRef = A8804EF92AD82CA900A5585C /* Preview Assets.xcassets */; };
		A8804F022AD82D1500A5585C /* ComposableArchitecture in Frameworks */ = {isa = PBXBuildFile; productRef = A8804F012AD82D1500A5585C /* ComposableArchitecture */; };
		A8804F142AD85B8400A5585C /* Timer_Composable_ArchitectureTests.swift in Sources */ = {isa = PBXBuildFile; fileRef = A8804F132AD85B8400A5585C /* Timer_Composable_ArchitectureTests.swift */; };
/* End PBXBuildFile section */

/* Begin PBXContainerItemProxy section */
		A8804F152AD85B8400A5585C /* PBXContainerItemProxy */ = {
			isa = PBXContainerItemProxy;
			containerPortal = A8804EE72AD82CA800A5585C /* Project object */;
			proxyType = 1;
			remoteGlobalIDString = A8804EEE2AD82CA800A5585C;
			remoteInfo = "Timer Composable Architecture";
		};
/* End PBXContainerItemProxy section */

/* Begin PBXFileReference section */
		A8804EEF2AD82CA800A5585C /* Timer Composable Architecture.app */ = {isa = PBXFileReference; explicitFileType = wrapper.application; includeInIndex = 0; path = "Timer Composable Architecture.app"; sourceTree = BUILT_PRODUCTS_DIR; };
		A8804EF22AD82CA800A5585C /* Timer_Composable_ArchitectureApp.swift */ = {isa = PBXFileReference; lastKnownFileType = sourcecode.swift; path = Timer_Composable_ArchitectureApp.swift; sourceTree = "<group>"; };
		A8804EF42AD82CA800A5585C /* ContentView.swift */ = {isa = PBXFileReference; lastKnownFileType = sourcecode.swift; path = ContentView.swift; sourceTree = "<group>"; };
		A8804EF62AD82CA900A5585C /* Assets.xcassets */ = {isa = PBXFileReference; lastKnownFileType = folder.assetcatalog; path = Assets.xcassets; sourceTree = "<group>"; };
		A8804EF92AD82CA900A5585C /* Preview Assets.xcassets */ = {isa = PBXFileReference; lastKnownFileType = folder.assetcatalog; path = "Preview Assets.xcassets"; sourceTree = "<group>"; };
		A8804F032AD83A5A00A5585C /* Info.plist */ = {isa = PBXFileReference; lastKnownFileType = text.plist.xml; path = Info.plist; sourceTree = "<group>"; };
		A8804F112AD85B8400A5585C /* Timer Composable ArchitectureTests.xctest */ = {isa = PBXFileReference; explicitFileType = wrapper.cfbundle; includeInIndex = 0; path = "Timer Composable ArchitectureTests.xctest"; sourceTree = BUILT_PRODUCTS_DIR; };
		A8804F132AD85B8400A5585C /* Timer_Composable_ArchitectureTests.swift */ = {isa = PBXFileReference; lastKnownFileType = sourcecode.swift; path = Timer_Composable_ArchitectureTests.swift; sourceTree = "<group>"; };
/* End PBXFileReference section */

/* Begin PBXFrameworksBuildPhase section */
		A8804EEC2AD82CA800A5585C /* Frameworks */ = {
			isa = PBXFrameworksBuildPhase;
			buildActionMask = 2147483647;
			files = (
				A8804F022AD82D1500A5585C /* ComposableArchitecture in Frameworks */,
			);
			runOnlyForDeploymentPostprocessing = 0;
		};
		A8804F0E2AD85B8400A5585C /* Frameworks */ = {
			isa = PBXFrameworksBuildPhase;
			buildActionMask = 2147483647;
			files = (
			);
			runOnlyForDeploymentPostprocessing = 0;
		};
/* End PBXFrameworksBuildPhase section */

/* Begin PBXGroup section */
		A8804EE62AD82CA800A5585C = {
			isa = PBXGroup;
			children = (
				A8804EF12AD82CA800A5585C /* Timer Composable Architecture */,
				A8804F122AD85B8400A5585C /* Timer Composable ArchitectureTests */,
				A8804EF02AD82CA800A5585C /* Products */,
			);
			sourceTree = "<group>";
		};
		A8804EF02AD82CA800A5585C /* Products */ = {
			isa = PBXGroup;
			children = (
				A8804EEF2AD82CA800A5585C /* Timer Composable Architecture.app */,
				A8804F112AD85B8400A5585C /* Timer Composable ArchitectureTests.xctest */,
			);
			name = Products;
			sourceTree = "<group>";
		};
		A8804EF12AD82CA800A5585C /* Timer Composable Architecture */ = {
			isa = PBXGroup;
			children = (
				A8804F072AD83D5B00A5585C /* Sources */,
				A8804EF22AD82CA800A5585C /* Timer_Composable_ArchitectureApp.swift */,
				A8804EF42AD82CA800A5585C /* ContentView.swift */,
				A8804EF62AD82CA900A5585C /* Assets.xcassets */,
				A8804EF82AD82CA900A5585C /* Preview Content */,
			);
			path = "Timer Composable Architecture";
			sourceTree = "<group>";
		};
		A8804EF82AD82CA900A5585C /* Preview Content */ = {
			isa = PBXGroup;
			children = (
				A8804EF92AD82CA900A5585C /* Preview Assets.xcassets */,
			);
			path = "Preview Content";
			sourceTree = "<group>";
		};
		A8804F072AD83D5B00A5585C /* Sources */ = {
			isa = PBXGroup;
			children = (
				A8804F032AD83A5A00A5585C /* Info.plist */,
			);
			path = Sources;
			sourceTree = "<group>";
		};
		A8804F122AD85B8400A5585C /* Timer Composable ArchitectureTests */ = {
			isa = PBXGroup;
			children = (
				A8804F132AD85B8400A5585C /* Timer_Composable_ArchitectureTests.swift */,
			);
			path = "Timer Composable ArchitectureTests";
			sourceTree = "<group>";
		};
/* End PBXGroup section */

/* Begin PBXNativeTarget section */
		A8804EEE2AD82CA800A5585C /* Timer Composable Architecture */ = {
			isa = PBXNativeTarget;
			buildConfigurationList = A8804EFD2AD82CA900A5585C /* Build configuration list for PBXNativeTarget "Timer Composable Architecture" */;
			buildPhases = (
				A8804EEB2AD82CA800A5585C /* Sources */,
				A8804EEC2AD82CA800A5585C /* Frameworks */,
				A8804EED2AD82CA800A5585C /* Resources */,
			);
			buildRules = (
			);
			dependencies = (
			);
			name = "Timer Composable Architecture";
			packageProductDependencies = (
				A8804F012AD82D1500A5585C /* ComposableArchitecture */,
			);
			productName = "Timer Composable Architecture";
			productReference = A8804EEF2AD82CA800A5585C /* Timer Composable Architecture.app */;
			productType = "com.apple.product-type.application";
		};
		A8804F102AD85B8400A5585C /* Timer Composable ArchitectureTests */ = {
			isa = PBXNativeTarget;
			buildConfigurationList = A8804F172AD85B8400A5585C /* Build configuration list for PBXNativeTarget "Timer Composable ArchitectureTests" */;
			buildPhases = (
				A8804F0D2AD85B8400A5585C /* Sources */,
				A8804F0E2AD85B8400A5585C /* Frameworks */,
				A8804F0F2AD85B8400A5585C /* Resources */,
			);
			buildRules = (
			);
			dependencies = (
				A8804F162AD85B8400A5585C /* PBXTargetDependency */,
			);
			name = "Timer Composable ArchitectureTests";
			productName = "Timer Composable ArchitectureTests";
			productReference = A8804F112AD85B8400A5585C /* Timer Composable ArchitectureTests.xctest */;
			productType = "com.apple.product-type.bundle.unit-test";
		};
/* End PBXNativeTarget section */

/* Begin PBXProject section */
		A8804EE72AD82CA800A5585C /* Project object */ = {
			isa = PBXProject;
			attributes = {
				BuildIndependentTargetsInParallel = 1;
				LastSwiftUpdateCheck = 1430;
				LastUpgradeCheck = 1430;
				TargetAttributes = {
					A8804EEE2AD82CA800A5585C = {
						CreatedOnToolsVersion = 14.3.1;
					};
					A8804F102AD85B8400A5585C = {
						CreatedOnToolsVersion = 14.3.1;
						TestTargetID = A8804EEE2AD82CA800A5585C;
					};
				};
			};
			buildConfigurationList = A8804EEA2AD82CA800A5585C /* Build configuration list for PBXProject "Timer Composable Architecture" */;
			compatibilityVersion = "Xcode 14.0";
			developmentRegion = en;
			hasScannedForEncodings = 0;
			knownRegions = (
				en,
				Base,
			);
			mainGroup = A8804EE62AD82CA800A5585C;
			packageReferences = (
				A8804F002AD82D1500A5585C /* XCRemoteSwiftPackageReference "swift-composable-architecture" */,
			);
			productRefGroup = A8804EF02AD82CA800A5585C /* Products */;
			projectDirPath = "";
			projectRoot = "";
			targets = (
				A8804EEE2AD82CA800A5585C /* Timer Composable Architecture */,
				A8804F102AD85B8400A5585C /* Timer Composable ArchitectureTests */,
			);
		};
/* End PBXProject section */

/* Begin PBXResourcesBuildPhase section */
		A8804EED2AD82CA800A5585C /* Resources */ = {
			isa = PBXResourcesBuildPhase;
			buildActionMask = 2147483647;
			files = (
				A8804EFA2AD82CA900A5585C /* Preview Assets.xcassets in Resources */,
				A8804EF72AD82CA900A5585C /* Assets.xcassets in Resources */,
			);
			runOnlyForDeploymentPostprocessing = 0;
		};
		A8804F0F2AD85B8400A5585C /* Resources */ = {
			isa = PBXResourcesBuildPhase;
			buildActionMask = 2147483647;
			files = (
			);
			runOnlyForDeploymentPostprocessing = 0;
		};
/* End PBXResourcesBuildPhase section */

/* Begin PBXSourcesBuildPhase section */
		A8804EEB2AD82CA800A5585C /* Sources */ = {
			isa = PBXSourcesBuildPhase;
			buildActionMask = 2147483647;
			files = (
				A8804EF52AD82CA800A5585C /* ContentView.swift in Sources */,
				A8804EF32AD82CA800A5585C /* Timer_Composable_ArchitectureApp.swift in Sources */,
			);
			runOnlyForDeploymentPostprocessing = 0;
		};
		A8804F0D2AD85B8400A5585C /* Sources */ = {
			isa = PBXSourcesBuildPhase;
			buildActionMask = 2147483647;
			files = (
				A8804F142AD85B8400A5585C /* Timer_Composable_ArchitectureTests.swift in Sources */,
			);
			runOnlyForDeploymentPostprocessing = 0;
		};
/* End PBXSourcesBuildPhase section */

/* Begin PBXTargetDependency section */
		A8804F162AD85B8400A5585C /* PBXTargetDependency */ = {
			isa = PBXTargetDependency;
			target = A8804EEE2AD82CA800A5585C /* Timer Composable Architecture */;
			targetProxy = A8804F152AD85B8400A5585C /* PBXContainerItemProxy */;
		};
/* End PBXTargetDependency section */

/* Begin XCBuildConfiguration section */
		A8804EFB2AD82CA900A5585C /* Debug */ = {
			isa = XCBuildConfiguration;
			buildSettings = {
				ALWAYS_SEARCH_USER_PATHS = NO;
				CLANG_ANALYZER_NONNULL = YES;
				CLANG_ANALYZER_NUMBER_OBJECT_CONVERSION = YES_AGGRESSIVE;
				CLANG_CXX_LANGUAGE_STANDARD = "gnu++20";
				CLANG_ENABLE_MODULES = YES;
				CLANG_ENABLE_OBJC_ARC = YES;
				CLANG_ENABLE_OBJC_WEAK = YES;
				CLANG_WARN_BLOCK_CAPTURE_AUTORELEASING = YES;
				CLANG_WARN_BOOL_CONVERSION = YES;
				CLANG_WARN_COMMA = YES;
				CLANG_WARN_CONSTANT_CONVERSION = YES;
				CLANG_WARN_DEPRECATED_OBJC_IMPLEMENTATIONS = YES;
				CLANG_WARN_DIRECT_OBJC_ISA_USAGE = YES_ERROR;
				CLANG_WARN_DOCUMENTATION_COMMENTS = YES;
				CLANG_WARN_EMPTY_BODY = YES;
				CLANG_WARN_ENUM_CONVERSION = YES;
				CLANG_WARN_INFINITE_RECURSION = YES;
				CLANG_WARN_INT_CONVERSION = YES;
				CLANG_WARN_NON_LITERAL_NULL_CONVERSION = YES;
				CLANG_WARN_OBJC_IMPLICIT_RETAIN_SELF = YES;
				CLANG_WARN_OBJC_LITERAL_CONVERSION = YES;
				CLANG_WARN_OBJC_ROOT_CLASS = YES_ERROR;
				CLANG_WARN_QUOTED_INCLUDE_IN_FRAMEWORK_HEADER = YES;
				CLANG_WARN_RANGE_LOOP_ANALYSIS = YES;
				CLANG_WARN_STRICT_PROTOTYPES = YES;
				CLANG_WARN_SUSPICIOUS_MOVE = YES;
				CLANG_WARN_UNGUARDED_AVAILABILITY = YES_AGGRESSIVE;
				CLANG_WARN_UNREACHABLE_CODE = YES;
				CLANG_WARN__DUPLICATE_METHOD_MATCH = YES;
				COPY_PHASE_STRIP = NO;
				DEBUG_INFORMATION_FORMAT = dwarf;
				ENABLE_STRICT_OBJC_MSGSEND = YES;
				ENABLE_TESTABILITY = YES;
				GCC_C_LANGUAGE_STANDARD = gnu11;
				GCC_DYNAMIC_NO_PIC = NO;
				GCC_NO_COMMON_BLOCKS = YES;
				GCC_OPTIMIZATION_LEVEL = 0;
				GCC_PREPROCESSOR_DEFINITIONS = (
					"DEBUG=1",
					"$(inherited)",
				);
				GCC_WARN_64_TO_32_BIT_CONVERSION = YES;
				GCC_WARN_ABOUT_RETURN_TYPE = YES_ERROR;
				GCC_WARN_UNDECLARED_SELECTOR = YES;
				GCC_WARN_UNINITIALIZED_AUTOS = YES_AGGRESSIVE;
				GCC_WARN_UNUSED_FUNCTION = YES;
				GCC_WARN_UNUSED_VARIABLE = YES;
				IPHONEOS_DEPLOYMENT_TARGET = 16.4;
				MTL_ENABLE_DEBUG_INFO = INCLUDE_SOURCE;
				MTL_FAST_MATH = YES;
				ONLY_ACTIVE_ARCH = YES;
				SDKROOT = iphoneos;
				SWIFT_ACTIVE_COMPILATION_CONDITIONS = DEBUG;
				SWIFT_OPTIMIZATION_LEVEL = "-Onone";
			};
			name = Debug;
		};
		A8804EFC2AD82CA900A5585C /* Release */ = {
			isa = XCBuildConfiguration;
			buildSettings = {
				ALWAYS_SEARCH_USER_PATHS = NO;
				CLANG_ANALYZER_NONNULL = YES;
				CLANG_ANALYZER_NUMBER_OBJECT_CONVERSION = YES_AGGRESSIVE;
				CLANG_CXX_LANGUAGE_STANDARD = "gnu++20";
				CLANG_ENABLE_MODULES = YES;
				CLANG_ENABLE_OBJC_ARC = YES;
				CLANG_ENABLE_OBJC_WEAK = YES;
				CLANG_WARN_BLOCK_CAPTURE_AUTORELEASING = YES;
				CLANG_WARN_BOOL_CONVERSION = YES;
				CLANG_WARN_COMMA = YES;
				CLANG_WARN_CONSTANT_CONVERSION = YES;
				CLANG_WARN_DEPRECATED_OBJC_IMPLEMENTATIONS = YES;
				CLANG_WARN_DIRECT_OBJC_ISA_USAGE = YES_ERROR;
				CLANG_WARN_DOCUMENTATION_COMMENTS = YES;
				CLANG_WARN_EMPTY_BODY = YES;
				CLANG_WARN_ENUM_CONVERSION = YES;
				CLANG_WARN_INFINITE_RECURSION = YES;
				CLANG_WARN_INT_CONVERSION = YES;
				CLANG_WARN_NON_LITERAL_NULL_CONVERSION = YES;
				CLANG_WARN_OBJC_IMPLICIT_RETAIN_SELF = YES;
				CLANG_WARN_OBJC_LITERAL_CONVERSION = YES;
				CLANG_WARN_OBJC_ROOT_CLASS = YES_ERROR;
				CLANG_WARN_QUOTED_INCLUDE_IN_FRAMEWORK_HEADER = YES;
				CLANG_WARN_RANGE_LOOP_ANALYSIS = YES;
				CLANG_WARN_STRICT_PROTOTYPES = YES;
				CLANG_WARN_SUSPICIOUS_MOVE = YES;
				CLANG_WARN_UNGUARDED_AVAILABILITY = YES_AGGRESSIVE;
				CLANG_WARN_UNREACHABLE_CODE = YES;
				CLANG_WARN__DUPLICATE_METHOD_MATCH = YES;
				COPY_PHASE_STRIP = NO;
				DEBUG_INFORMATION_FORMAT = "dwarf-with-dsym";
				ENABLE_NS_ASSERTIONS = NO;
				ENABLE_STRICT_OBJC_MSGSEND = YES;
				GCC_C_LANGUAGE_STANDARD = gnu11;
				GCC_NO_COMMON_BLOCKS = YES;
				GCC_WARN_64_TO_32_BIT_CONVERSION = YES;
				GCC_WARN_ABOUT_RETURN_TYPE = YES_ERROR;
				GCC_WARN_UNDECLARED_SELECTOR = YES;
				GCC_WARN_UNINITIALIZED_AUTOS = YES_AGGRESSIVE;
				GCC_WARN_UNUSED_FUNCTION = YES;
				GCC_WARN_UNUSED_VARIABLE = YES;
				IPHONEOS_DEPLOYMENT_TARGET = 16.4;
				MTL_ENABLE_DEBUG_INFO = NO;
				MTL_FAST_MATH = YES;
				SDKROOT = iphoneos;
				SWIFT_COMPILATION_MODE = wholemodule;
				SWIFT_OPTIMIZATION_LEVEL = "-O";
				VALIDATE_PRODUCT = YES;
			};
			name = Release;
		};
		A8804EFE2AD82CA900A5585C /* Debug */ = {
			isa = XCBuildConfiguration;
			buildSettings = {
				ASSETCATALOG_COMPILER_APPICON_NAME = AppIcon;
				ASSETCATALOG_COMPILER_GLOBAL_ACCENT_COLOR_NAME = AccentColor;
				CODE_SIGN_STYLE = Automatic;
				CURRENT_PROJECT_VERSION = 1;
				DEVELOPMENT_ASSET_PATHS = "\"Timer Composable Architecture/Preview Content\"";
				DEVELOPMENT_TEAM = 6PD7GNZCD6;
				ENABLE_PREVIEWS = YES;
				GENERATE_INFOPLIST_FILE = YES;
				INFOPLIST_FILE = "Timer Composable Architecture/Sources/Info.plist";
				INFOPLIST_KEY_UIApplicationSceneManifest_Generation = YES;
				INFOPLIST_KEY_UIApplicationSupportsIndirectInputEvents = YES;
				INFOPLIST_KEY_UILaunchScreen_Generation = YES;
				INFOPLIST_KEY_UISupportedInterfaceOrientations_iPad = "UIInterfaceOrientationPortrait UIInterfaceOrientationPortraitUpsideDown UIInterfaceOrientationLandscapeLeft UIInterfaceOrientationLandscapeRight";
				INFOPLIST_KEY_UISupportedInterfaceOrientations_iPhone = "UIInterfaceOrientationPortrait UIInterfaceOrientationLandscapeLeft UIInterfaceOrientationLandscapeRight";
				IPHONEOS_DEPLOYMENT_TARGET = 16.2;
				LD_RUNPATH_SEARCH_PATHS = (
					"$(inherited)",
					"@executable_path/Frameworks",
				);
				MARKETING_VERSION = 1.0;
				PRODUCT_BUNDLE_IDENTIFIER = "com.sky.uk.Timer-Composable-Architecture";
				PRODUCT_NAME = "$(TARGET_NAME)";
				SWIFT_EMIT_LOC_STRINGS = YES;
				SWIFT_VERSION = 5.0;
				TARGETED_DEVICE_FAMILY = "1,2";
			};
			name = Debug;
		};
		A8804EFF2AD82CA900A5585C /* Release */ = {
			isa = XCBuildConfiguration;
			buildSettings = {
				ASSETCATALOG_COMPILER_APPICON_NAME = AppIcon;
				ASSETCATALOG_COMPILER_GLOBAL_ACCENT_COLOR_NAME = AccentColor;
				CODE_SIGN_STYLE = Automatic;
				CURRENT_PROJECT_VERSION = 1;
				DEVELOPMENT_ASSET_PATHS = "\"Timer Composable Architecture/Preview Content\"";
				DEVELOPMENT_TEAM = 6PD7GNZCD6;
				ENABLE_PREVIEWS = YES;
				GENERATE_INFOPLIST_FILE = YES;
				INFOPLIST_FILE = "Timer Composable Architecture/Sources/Info.plist";
				INFOPLIST_KEY_UIApplicationSceneManifest_Generation = YES;
				INFOPLIST_KEY_UIApplicationSupportsIndirectInputEvents = YES;
				INFOPLIST_KEY_UILaunchScreen_Generation = YES;
				INFOPLIST_KEY_UISupportedInterfaceOrientations_iPad = "UIInterfaceOrientationPortrait UIInterfaceOrientationPortraitUpsideDown UIInterfaceOrientationLandscapeLeft UIInterfaceOrientationLandscapeRight";
				INFOPLIST_KEY_UISupportedInterfaceOrientations_iPhone = "UIInterfaceOrientationPortrait UIInterfaceOrientationLandscapeLeft UIInterfaceOrientationLandscapeRight";
				IPHONEOS_DEPLOYMENT_TARGET = 16.2;
				LD_RUNPATH_SEARCH_PATHS = (
					"$(inherited)",
					"@executable_path/Frameworks",
				);
				MARKETING_VERSION = 1.0;
				PRODUCT_BUNDLE_IDENTIFIER = "com.sky.uk.Timer-Composable-Architecture";
				PRODUCT_NAME = "$(TARGET_NAME)";
				SWIFT_EMIT_LOC_STRINGS = YES;
				SWIFT_VERSION = 5.0;
				TARGETED_DEVICE_FAMILY = "1,2";
			};
			name = Release;
		};
		A8804F182AD85B8400A5585C /* Debug */ = {
			isa = XCBuildConfiguration;
			buildSettings = {
				BUNDLE_LOADER = "$(TEST_HOST)";
				CODE_SIGN_STYLE = Automatic;
				CURRENT_PROJECT_VERSION = 1;
				DEVELOPMENT_TEAM = 6PD7GNZCD6;
				GENERATE_INFOPLIST_FILE = YES;
				MARKETING_VERSION = 1.0;
				PRODUCT_BUNDLE_IDENTIFIER = "com.sky.uk.Timer-Composable-ArchitectureTests";
				PRODUCT_NAME = "$(TARGET_NAME)";
				SWIFT_EMIT_LOC_STRINGS = NO;
				SWIFT_VERSION = 5.0;
				TARGETED_DEVICE_FAMILY = "1,2";
				TEST_HOST = "$(BUILT_PRODUCTS_DIR)/Timer Composable Architecture.app/$(BUNDLE_EXECUTABLE_FOLDER_PATH)/Timer Composable Architecture";
			};
			name = Debug;
		};
		A8804F192AD85B8400A5585C /* Release */ = {
			isa = XCBuildConfiguration;
			buildSettings = {
				BUNDLE_LOADER = "$(TEST_HOST)";
				CODE_SIGN_STYLE = Automatic;
				CURRENT_PROJECT_VERSION = 1;
				DEVELOPMENT_TEAM = 6PD7GNZCD6;
				GENERATE_INFOPLIST_FILE = YES;
				MARKETING_VERSION = 1.0;
				PRODUCT_BUNDLE_IDENTIFIER = "com.sky.uk.Timer-Composable-ArchitectureTests";
				PRODUCT_NAME = "$(TARGET_NAME)";
				SWIFT_EMIT_LOC_STRINGS = NO;
				SWIFT_VERSION = 5.0;
				TARGETED_DEVICE_FAMILY = "1,2";
				TEST_HOST = "$(BUILT_PRODUCTS_DIR)/Timer Composable Architecture.app/$(BUNDLE_EXECUTABLE_FOLDER_PATH)/Timer Composable Architecture";
			};
			name = Release;
		};
/* End XCBuildConfiguration section */

/* Begin XCConfigurationList section */
		A8804EEA2AD82CA800A5585C /* Build configuration list for PBXProject "Timer Composable Architecture" */ = {
			isa = XCConfigurationList;
			buildConfigurations = (
				A8804EFB2AD82CA900A5585C /* Debug */,
				A8804EFC2AD82CA900A5585C /* Release */,
			);
			defaultConfigurationIsVisible = 0;
			defaultConfigurationName = Release;
		};
		A8804EFD2AD82CA900A5585C /* Build configuration list for PBXNativeTarget "Timer Composable Architecture" */ = {
			isa = XCConfigurationList;
			buildConfigurations = (
				A8804EFE2AD82CA900A5585C /* Debug */,
				A8804EFF2AD82CA900A5585C /* Release */,
			);
			defaultConfigurationIsVisible = 0;
			defaultConfigurationName = Release;
		};
		A8804F172AD85B8400A5585C /* Build configuration list for PBXNativeTarget "Timer Composable ArchitectureTests" */ = {
			isa = XCConfigurationList;
			buildConfigurations = (
				A8804F182AD85B8400A5585C /* Debug */,
				A8804F192AD85B8400A5585C /* Release */,
			);
			defaultConfigurationIsVisible = 0;
			defaultConfigurationName = Release;
		};
/* End XCConfigurationList section */

/* Begin XCRemoteSwiftPackageReference section */
		A8804F002AD82D1500A5585C /* XCRemoteSwiftPackageReference "swift-composable-architecture" */ = {
			isa = XCRemoteSwiftPackageReference;
			repositoryURL = "https://github.com/pointfreeco/swift-composable-architecture";
			requirement = {
				kind = upToNextMajorVersion;
				minimumVersion = 1.0.0;
			};
		};
/* End XCRemoteSwiftPackageReference section */

/* Begin XCSwiftPackageProductDependency section */
		A8804F012AD82D1500A5585C /* ComposableArchitecture */ = {
			isa = XCSwiftPackageProductDependency;
			package = A8804F002AD82D1500A5585C /* XCRemoteSwiftPackageReference "swift-composable-architecture" */;
			productName = ComposableArchitecture;
		};
/* End XCSwiftPackageProductDependency section */
	};
	rootObject = A8804EE72AD82CA800A5585C /* Project object */;
}
